
Microsoft Visual Studio Solution File, Format Version 12.00
# Visual Studio Version 16
VisualStudioVersion = 16.0.31702.278
MinimumVisualStudioVersion = 10.0.40219.1
Project("{FAE04EC0-301F-11D3-BF4B-00C04F79EFBC}") = "my_first_programm", "my_first_programm\my_first_programm.csproj", "{DCF583D5-E536-4BFD-8F55-07AB7B501D57}"
EndProject
Global
	GlobalSection(SolutionConfigurationPlatforms) = preSolution
		Debug|Any CPU = Debug|Any CPU
		Release|Any CPU = Release|Any CPU
	EndGlobalSection
	GlobalSection(ProjectConfigurationPlatforms) = postSolution
		{DCF583D5-E536-4BFD-8F55-07AB7B501D57}.Debug|Any CPU.ActiveCfg = Debug|Any CPU
		{DCF583D5-E536-4BFD-8F55-07AB7B501D57}.Debug|Any CPU.Build.0 = Debug|Any CPU
		{DCF583D5-E536-4BFD-8F55-07AB7B501D57}.Release|Any CPU.ActiveCfg = Release|Any CPU
		{DCF583D5-E536-4BFD-8F55-07AB7B501D57}.Release|Any CPU.Build.0 = Release|Any CPU
	EndGlobalSection
	GlobalSection(SolutionProperties) = preSolution
		HideSolutionNode = FALSE
	EndGlobalSection
	GlobalSection(ExtensibilityGlobals) = postSolution
		SolutionGuid = {0B626791-69C6-4559-86E2-22C43460316A}
	EndGlobalSection
EndGlobal
